
Microsoft Visual Studio Solution File, Format Version 12.00
# Visual Studio Version 16
VisualStudioVersion = 16.0.30204.135
MinimumVisualStudioVersion = 10.0.40219.1
Project("{FAE04EC0-301F-11D3-BF4B-00C04F79EFBC}") = "MyCalc", "MyCalc\MyCalc.csproj", "{7B728E17-0876-45F9-B7D1-2B3990568DBD}"
EndProject
Global
	GlobalSection(SolutionConfigurationPlatforms) = preSolution
		Debug|Any CPU = Debug|Any CPU
		Release|Any CPU = Release|Any CPU
	EndGlobalSection
	GlobalSection(ProjectConfigurationPlatforms) = postSolution
		{7B728E17-0876-45F9-B7D1-2B3990568DBD}.Debug|Any CPU.ActiveCfg = Debug|Any CPU
		{7B728E17-0876-45F9-B7D1-2B3990568DBD}.Debug|Any CPU.Build.0 = Debug|Any CPU
		{7B728E17-0876-45F9-B7D1-2B3990568DBD}.Release|Any CPU.ActiveCfg = Release|Any CPU
		{7B728E17-0876-45F9-B7D1-2B3990568DBD}.Release|Any CPU.Build.0 = Release|Any CPU
	EndGlobalSection
	GlobalSection(SolutionProperties) = preSolution
		HideSolutionNode = FALSE
	EndGlobalSection
	GlobalSection(ExtensibilityGlobals) = postSolution
		SolutionGuid = {D2111874-BFB1-44B2-936E-84727FD1D567}
	EndGlobalSection
EndGlobal
